// !$*UTF8*$!
{
	archiveVersion = 1;
	classes = {
	};
	objectVersion = 46;
	objects = {

/* Begin PBXBuildFile section */
		814C3ACA1B69877600E307BB /* Main.storyboard in Resources */ = {isa = PBXBuildFile; fileRef = 814C3AC61B69877600E307BB /* Main.storyboard */; };
		814C3ACB1B69877600E307BB /* Images.xcassets in Resources */ = {isa = PBXBuildFile; fileRef = 814C3AC81B69877600E307BB /* Images.xcassets */; };
		81BA814B1A49DA1800E65899 /* AppDelegate.swift in Sources */ = {isa = PBXBuildFile; fileRef = 81BA814A1A49DA1800E65899 /* AppDelegate.swift */; };
		81BA814D1A49DA1800E65899 /* ViewController.swift in Sources */ = {isa = PBXBuildFile; fileRef = 81BA814C1A49DA1800E65899 /* ViewController.swift */; };
		81BA81701A49DB6800E65899 /* Bolts.framework in Frameworks */ = {isa = PBXBuildFile; fileRef = 81BA816B1A49DB6800E65899 /* Bolts.framework */; };
		81BA81711A49DB6800E65899 /* Parse.framework in Frameworks */ = {isa = PBXBuildFile; fileRef = 81BA816C1A49DB6800E65899 /* Parse.framework */; };
		81BA81771A49E0D500E65899 /* libsqlite3.dylib in Frameworks */ = {isa = PBXBuildFile; fileRef = 81BA81761A49E0D500E65899 /* libsqlite3.dylib */; };
		81BA81791A49E0DB00E65899 /* AudioToolbox.framework in Frameworks */ = {isa = PBXBuildFile; fileRef = 81BA81781A49E0DB00E65899 /* AudioToolbox.framework */; };
		81BA817B1A49E0E500E65899 /* SystemConfiguration.framework in Frameworks */ = {isa = PBXBuildFile; fileRef = 81BA817A1A49E0E500E65899 /* SystemConfiguration.framework */; };
		81BA817F1A49E0F000E65899 /* libstdc++.6.dylib in Frameworks */ = {isa = PBXBuildFile; fileRef = 81BA817E1A49E0F000E65899 /* libstdc++.6.dylib */; };
		A93103ED1BE7DAF10003753D /* Constants.swift in Sources */ = {isa = PBXBuildFile; fileRef = A93103EC1BE7DAF10003753D /* Constants.swift */; };
		A933F48C1BEAF1250007B0A2 /* GalleryViewController.swift in Sources */ = {isa = PBXBuildFile; fileRef = A933F48B1BEAF1250007B0A2 /* GalleryViewController.swift */; };
		A933F4901BEAF4470007B0A2 /* ImageCollectionViewCell.swift in Sources */ = {isa = PBXBuildFile; fileRef = A933F48F1BEAF4470007B0A2 /* ImageCollectionViewCell.swift */; };
		A96E9BEE1BEE80D200FA24F2 /* filterNav.png in Resources */ = {isa = PBXBuildFile; fileRef = A96E9BEC1BEE80D200FA24F2 /* filterNav.png */; };
		A96E9BEF1BEE80D200FA24F2 /* filterNav@2x.png in Resources */ = {isa = PBXBuildFile; fileRef = A96E9BED1BEE80D200FA24F2 /* filterNav@2x.png */; };
		A96E9BF21BEEF39700FA24F2 /* filterNav2@2x.png in Resources */ = {isa = PBXBuildFile; fileRef = A96E9BF01BEEF39700FA24F2 /* filterNav2@2x.png */; };
		A96E9BF31BEEF39700FA24F2 /* filterNav2.png in Resources */ = {isa = PBXBuildFile; fileRef = A96E9BF11BEEF39700FA24F2 /* filterNav2.png */; };
		A99F04F81BEB605900E8E19D /* navIcon2@2x.png in Resources */ = {isa = PBXBuildFile; fileRef = A99F04F61BEB605900E8E19D /* navIcon2@2x.png */; };
		A99F04F91BEB605900E8E19D /* navIcon2.png in Resources */ = {isa = PBXBuildFile; fileRef = A99F04F71BEB605900E8E19D /* navIcon2.png */; };
		A99F04FC1BEB66A900E8E19D /* navIcon3@2x.png in Resources */ = {isa = PBXBuildFile; fileRef = A99F04FA1BEB66A900E8E19D /* navIcon3@2x.png */; };
		A99F04FD1BEB66A900E8E19D /* navIcon3.png in Resources */ = {isa = PBXBuildFile; fileRef = A99F04FB1BEB66A900E8E19D /* navIcon3.png */; };
		A99F04FF1BEBE1C700E8E19D /* CustomFlowLayout.swift in Sources */ = {isa = PBXBuildFile; fileRef = A99F04FE1BEBE1C700E8E19D /* CustomFlowLayout.swift */; };
		A99F05021BEC218B00E8E19D /* filterNav@2x.png in Resources */ = {isa = PBXBuildFile; fileRef = A99F05001BEC218B00E8E19D /* filterNav@2x.png */; };
		A99F05031BEC218B00E8E19D /* filterNav.png in Resources */ = {isa = PBXBuildFile; fileRef = A99F05011BEC218B00E8E19D /* filterNav.png */; };
		A99F05051BED2A1D00E8E19D /* FilterCollectionViewCell.swift in Sources */ = {isa = PBXBuildFile; fileRef = A99F05041BED2A1D00E8E19D /* FilterCollectionViewCell.swift */; };
		A9AA81C61BEEF81F00F4ED09 /* subtleBG.jpg in Resources */ = {isa = PBXBuildFile; fileRef = A9AA81C51BEEF81F00F4ED09 /* subtleBG.jpg */; };
		A9AA81C91BEEF9FB00F4ED09 /* filterNav4.png in Resources */ = {isa = PBXBuildFile; fileRef = A9AA81C71BEEF9FB00F4ED09 /* filterNav4.png */; };
		A9AA81CA1BEEF9FB00F4ED09 /* filterNav4@2x.png in Resources */ = {isa = PBXBuildFile; fileRef = A9AA81C81BEEF9FB00F4ED09 /* filterNav4@2x.png */; };
		A9AA81D01BEFD40000F4ED09 /* ZFRippleButton.swift in Sources */ = {isa = PBXBuildFile; fileRef = A9AA81CF1BEFD40000F4ED09 /* ZFRippleButton.swift */; };
		A9AA81D71BEFDDDD00F4ED09 /* collectionNav3.png in Resources */ = {isa = PBXBuildFile; fileRef = A9AA81D51BEFDDDD00F4ED09 /* collectionNav3.png */; };
		A9AA81D81BEFDDDD00F4ED09 /* collectionNav3@2x.png in Resources */ = {isa = PBXBuildFile; fileRef = A9AA81D61BEFDDDD00F4ED09 /* collectionNav3@2x.png */; };
		A9C206631BE95CDE0010DD43 /* Post.swift in Sources */ = {isa = PBXBuildFile; fileRef = A9C206621BE95CDE0010DD43 /* Post.swift */; };
		A9C206651BE9B1AB0010DD43 /* FilterService.swift in Sources */ = {isa = PBXBuildFile; fileRef = A9C206641BE9B1AB0010DD43 /* FilterService.swift */; };
		A9C206671BEAB42C0010DD43 /* ImageResizer.swift in Sources */ = {isa = PBXBuildFile; fileRef = A9C206661BEAB42C0010DD43 /* ImageResizer.swift */; };
		A9D1043E1BEB52D200F8F440 /* chooseImageButton.png in Resources */ = {isa = PBXBuildFile; fileRef = A9D1043C1BEB52D100F8F440 /* chooseImageButton.png */; };
		A9D1043F1BEB52D200F8F440 /* chooseImageButton@2x.png in Resources */ = {isa = PBXBuildFile; fileRef = A9D1043D1BEB52D100F8F440 /* chooseImageButton@2x.png */; };
		A9D104421BEB536F00F8F440 /* spinButton.png in Resources */ = {isa = PBXBuildFile; fileRef = A9D104401BEB536F00F8F440 /* spinButton.png */; };
		A9D104431BEB536F00F8F440 /* spinButton@2x.png in Resources */ = {isa = PBXBuildFile; fileRef = A9D104411BEB536F00F8F440 /* spinButton@2x.png */; };
		A9D104461BEB5C8500F8F440 /* navIcon.png in Resources */ = {isa = PBXBuildFile; fileRef = A9D104441BEB5C8500F8F440 /* navIcon.png */; };
		A9D104471BEB5C8500F8F440 /* navIcon@2x.png in Resources */ = {isa = PBXBuildFile; fileRef = A9D104451BEB5C8500F8F440 /* navIcon@2x.png */; };
/* End PBXBuildFile section */

/* Begin PBXFileReference section */
		814C3AC71B69877600E307BB /* Base */ = {isa = PBXFileReference; lastKnownFileType = file.storyboard; name = Base; path = Base.lproj/Main.storyboard; sourceTree = "<group>"; };
		814C3AC81B69877600E307BB /* Images.xcassets */ = {isa = PBXFileReference; lastKnownFileType = folder.assetcatalog; path = Images.xcassets; sourceTree = "<group>"; };
		814C3AC91B69877600E307BB /* Info.plist */ = {isa = PBXFileReference; fileEncoding = 4; lastKnownFileType = text.plist.xml; path = Info.plist; sourceTree = "<group>"; };
		81BA81451A49DA1800E65899 /* SortaGram.app */ = {isa = PBXFileReference; explicitFileType = wrapper.application; includeInIndex = 0; path = SortaGram.app; sourceTree = BUILT_PRODUCTS_DIR; };
		81BA814A1A49DA1800E65899 /* AppDelegate.swift */ = {isa = PBXFileReference; lastKnownFileType = sourcecode.swift; path = AppDelegate.swift; sourceTree = "<group>"; };
		81BA814C1A49DA1800E65899 /* ViewController.swift */ = {isa = PBXFileReference; lastKnownFileType = sourcecode.swift; path = ViewController.swift; sourceTree = "<group>"; };
		81BA816B1A49DB6800E65899 /* Bolts.framework */ = {isa = PBXFileReference; lastKnownFileType = wrapper.framework; path = Bolts.framework; sourceTree = "<group>"; };
		81BA816C1A49DB6800E65899 /* Parse.framework */ = {isa = PBXFileReference; lastKnownFileType = wrapper.framework; path = Parse.framework; sourceTree = "<group>"; };
		81BA816D1A49DB6800E65899 /* ParseCrashReporting.framework */ = {isa = PBXFileReference; lastKnownFileType = wrapper.framework; path = ParseCrashReporting.framework; sourceTree = "<group>"; };
		81BA816E1A49DB6800E65899 /* ParseFacebookUtils.framework */ = {isa = PBXFileReference; lastKnownFileType = wrapper.framework; path = ParseFacebookUtils.framework; sourceTree = "<group>"; };
		81BA81761A49E0D500E65899 /* libsqlite3.dylib */ = {isa = PBXFileReference; lastKnownFileType = "compiled.mach-o.dylib"; name = libsqlite3.dylib; path = usr/lib/libsqlite3.dylib; sourceTree = SDKROOT; };
		81BA81781A49E0DB00E65899 /* AudioToolbox.framework */ = {isa = PBXFileReference; lastKnownFileType = wrapper.framework; name = AudioToolbox.framework; path = System/Library/Frameworks/AudioToolbox.framework; sourceTree = SDKROOT; };
		81BA817A1A49E0E500E65899 /* SystemConfiguration.framework */ = {isa = PBXFileReference; lastKnownFileType = wrapper.framework; name = SystemConfiguration.framework; path = System/Library/Frameworks/SystemConfiguration.framework; sourceTree = SDKROOT; };
		81BA817E1A49E0F000E65899 /* libstdc++.6.dylib */ = {isa = PBXFileReference; lastKnownFileType = "compiled.mach-o.dylib"; name = "libstdc++.6.dylib"; path = "usr/lib/libstdc++.6.dylib"; sourceTree = SDKROOT; };
		81BA81801A49E10C00E65899 /* ParseUI.framework */ = {isa = PBXFileReference; lastKnownFileType = wrapper.framework; path = ParseUI.framework; sourceTree = "<group>"; };
		A93103EC1BE7DAF10003753D /* Constants.swift */ = {isa = PBXFileReference; fileEncoding = 4; lastKnownFileType = sourcecode.swift; name = Constants.swift; path = ParseStarterProject/Constants.swift; sourceTree = "<group>"; };
		A933F48B1BEAF1250007B0A2 /* GalleryViewController.swift */ = {isa = PBXFileReference; fileEncoding = 4; lastKnownFileType = sourcecode.swift; path = GalleryViewController.swift; sourceTree = "<group>"; };
		A933F48F1BEAF4470007B0A2 /* ImageCollectionViewCell.swift */ = {isa = PBXFileReference; fileEncoding = 4; lastKnownFileType = sourcecode.swift; path = ImageCollectionViewCell.swift; sourceTree = "<group>"; };
		A96E9BEC1BEE80D200FA24F2 /* filterNav.png */ = {isa = PBXFileReference; lastKnownFileType = image.png; name = filterNav.png; path = ../filterNav.png; sourceTree = "<group>"; };
		A96E9BED1BEE80D200FA24F2 /* filterNav@2x.png */ = {isa = PBXFileReference; lastKnownFileType = image.png; name = "filterNav@2x.png"; path = "../filterNav@2x.png"; sourceTree = "<group>"; };
		A96E9BF01BEEF39700FA24F2 /* filterNav2@2x.png */ = {isa = PBXFileReference; lastKnownFileType = image.png; path = "filterNav2@2x.png"; sourceTree = "<group>"; };
		A96E9BF11BEEF39700FA24F2 /* filterNav2.png */ = {isa = PBXFileReference; lastKnownFileType = image.png; path = filterNav2.png; sourceTree = "<group>"; };
		A99F04F61BEB605900E8E19D /* navIcon2@2x.png */ = {isa = PBXFileReference; lastKnownFileType = image.png; path = "navIcon2@2x.png"; sourceTree = "<group>"; };
		A99F04F71BEB605900E8E19D /* navIcon2.png */ = {isa = PBXFileReference; lastKnownFileType = image.png; path = navIcon2.png; sourceTree = "<group>"; };
		A99F04FA1BEB66A900E8E19D /* navIcon3@2x.png */ = {isa = PBXFileReference; lastKnownFileType = image.png; path = "navIcon3@2x.png"; sourceTree = "<group>"; };
		A99F04FB1BEB66A900E8E19D /* navIcon3.png */ = {isa = PBXFileReference; lastKnownFileType = image.png; path = navIcon3.png; sourceTree = "<group>"; };
		A99F04FE1BEBE1C700E8E19D /* CustomFlowLayout.swift */ = {isa = PBXFileReference; fileEncoding = 4; lastKnownFileType = sourcecode.swift; path = CustomFlowLayout.swift; sourceTree = "<group>"; };
		A99F05001BEC218B00E8E19D /* filterNav@2x.png */ = {isa = PBXFileReference; lastKnownFileType = image.png; path = "filterNav@2x.png"; sourceTree = "<group>"; };
		A99F05011BEC218B00E8E19D /* filterNav.png */ = {isa = PBXFileReference; lastKnownFileType = image.png; path = filterNav.png; sourceTree = "<group>"; };
		A99F05041BED2A1D00E8E19D /* FilterCollectionViewCell.swift */ = {isa = PBXFileReference; fileEncoding = 4; lastKnownFileType = sourcecode.swift; path = FilterCollectionViewCell.swift; sourceTree = "<group>"; };
		A9AA81C51BEEF81F00F4ED09 /* subtleBG.jpg */ = {isa = PBXFileReference; lastKnownFileType = image.jpeg; path = subtleBG.jpg; sourceTree = "<group>"; };
		A9AA81C71BEEF9FB00F4ED09 /* filterNav4.png */ = {isa = PBXFileReference; lastKnownFileType = image.png; path = filterNav4.png; sourceTree = "<group>"; };
		A9AA81C81BEEF9FB00F4ED09 /* filterNav4@2x.png */ = {isa = PBXFileReference; lastKnownFileType = image.png; path = "filterNav4@2x.png"; sourceTree = "<group>"; };
		A9AA81CF1BEFD40000F4ED09 /* ZFRippleButton.swift */ = {isa = PBXFileReference; fileEncoding = 4; lastKnownFileType = sourcecode.swift; name = ZFRippleButton.swift; path = ParseStarterProject/ZFRippleButton.swift; sourceTree = "<group>"; };
		A9AA81D51BEFDDDD00F4ED09 /* collectionNav3.png */ = {isa = PBXFileReference; lastKnownFileType = image.png; path = collectionNav3.png; sourceTree = "<group>"; };
		A9AA81D61BEFDDDD00F4ED09 /* collectionNav3@2x.png */ = {isa = PBXFileReference; lastKnownFileType = image.png; path = "collectionNav3@2x.png"; sourceTree = "<group>"; };
		A9C206601BE958120010DD43 /* CodeChallenges.playground */ = {isa = PBXFileReference; lastKnownFileType = file.playground; path = CodeChallenges.playground; sourceTree = "<group>"; };
		A9C206621BE95CDE0010DD43 /* Post.swift */ = {isa = PBXFileReference; fileEncoding = 4; lastKnownFileType = sourcecode.swift; path = Post.swift; sourceTree = "<group>"; };
		A9C206641BE9B1AB0010DD43 /* FilterService.swift */ = {isa = PBXFileReference; fileEncoding = 4; lastKnownFileType = sourcecode.swift; path = FilterService.swift; sourceTree = "<group>"; };
		A9C206661BEAB42C0010DD43 /* ImageResizer.swift */ = {isa = PBXFileReference; fileEncoding = 4; lastKnownFileType = sourcecode.swift; path = ImageResizer.swift; sourceTree = "<group>"; };
		A9D1043C1BEB52D100F8F440 /* chooseImageButton.png */ = {isa = PBXFileReference; lastKnownFileType = image.png; path = chooseImageButton.png; sourceTree = "<group>"; };
		A9D1043D1BEB52D100F8F440 /* chooseImageButton@2x.png */ = {isa = PBXFileReference; lastKnownFileType = image.png; path = "chooseImageButton@2x.png"; sourceTree = "<group>"; };
		A9D104401BEB536F00F8F440 /* spinButton.png */ = {isa = PBXFileReference; lastKnownFileType = image.png; path = spinButton.png; sourceTree = "<group>"; };
		A9D104411BEB536F00F8F440 /* spinButton@2x.png */ = {isa = PBXFileReference; lastKnownFileType = image.png; path = "spinButton@2x.png"; sourceTree = "<group>"; };
		A9D104441BEB5C8500F8F440 /* navIcon.png */ = {isa = PBXFileReference; lastKnownFileType = image.png; path = navIcon.png; sourceTree = "<group>"; };
		A9D104451BEB5C8500F8F440 /* navIcon@2x.png */ = {isa = PBXFileReference; lastKnownFileType = image.png; path = "navIcon@2x.png"; sourceTree = "<group>"; };
/* End PBXFileReference section */

/* Begin PBXFrameworksBuildPhase section */
		81BA81421A49DA1800E65899 /* Frameworks */ = {
			isa = PBXFrameworksBuildPhase;
			buildActionMask = 2147483647;
			files = (
				81BA817F1A49E0F000E65899 /* libstdc++.6.dylib in Frameworks */,
				81BA817B1A49E0E500E65899 /* SystemConfiguration.framework in Frameworks */,
				81BA81791A49E0DB00E65899 /* AudioToolbox.framework in Frameworks */,
				81BA81771A49E0D500E65899 /* libsqlite3.dylib in Frameworks */,
				81BA81711A49DB6800E65899 /* Parse.framework in Frameworks */,
				81BA81701A49DB6800E65899 /* Bolts.framework in Frameworks */,
			);
			runOnlyForDeploymentPostprocessing = 0;
		};
/* End PBXFrameworksBuildPhase section */

/* Begin PBXGroup section */
		814C3AC51B69877600E307BB /* Resources */ = {
			isa = PBXGroup;
			children = (
				814C3AC81B69877600E307BB /* Images.xcassets */,
				A9AA81D51BEFDDDD00F4ED09 /* collectionNav3.png */,
				A9AA81D61BEFDDDD00F4ED09 /* collectionNav3@2x.png */,
				A9AA81C71BEEF9FB00F4ED09 /* filterNav4.png */,
				A9AA81C81BEEF9FB00F4ED09 /* filterNav4@2x.png */,
				A9AA81C51BEEF81F00F4ED09 /* subtleBG.jpg */,
				A96E9BF01BEEF39700FA24F2 /* filterNav2@2x.png */,
				A96E9BF11BEEF39700FA24F2 /* filterNav2.png */,
				A96E9BEC1BEE80D200FA24F2 /* filterNav.png */,
				A96E9BED1BEE80D200FA24F2 /* filterNav@2x.png */,
				A99F05001BEC218B00E8E19D /* filterNav@2x.png */,
				A99F05011BEC218B00E8E19D /* filterNav.png */,
				A99F04FA1BEB66A900E8E19D /* navIcon3@2x.png */,
				A99F04FB1BEB66A900E8E19D /* navIcon3.png */,
				A99F04F61BEB605900E8E19D /* navIcon2@2x.png */,
				A99F04F71BEB605900E8E19D /* navIcon2.png */,
				A9D104441BEB5C8500F8F440 /* navIcon.png */,
				A9D104451BEB5C8500F8F440 /* navIcon@2x.png */,
				A9D1043C1BEB52D100F8F440 /* chooseImageButton.png */,
				A9D1043D1BEB52D100F8F440 /* chooseImageButton@2x.png */,
				A9D104401BEB536F00F8F440 /* spinButton.png */,
				A9D104411BEB536F00F8F440 /* spinButton@2x.png */,
				814C3AC91B69877600E307BB /* Info.plist */,
			);
			path = Resources;
			sourceTree = "<group>";
		};
		81BA813C1A49DA1800E65899 = {
			isa = PBXGroup;
			children = (
				A9C206601BE958120010DD43 /* CodeChallenges.playground */,
				81BA81471A49DA1800E65899 /* SortaGram */,
				814C3AC51B69877600E307BB /* Resources */,
				81BA816A1A49DB5600E65899 /* Frameworks */,
				81BA81461A49DA1800E65899 /* Products */,
			);
			sourceTree = "<group>";
		};
		81BA81461A49DA1800E65899 /* Products */ = {
			isa = PBXGroup;
			children = (
				81BA81451A49DA1800E65899 /* SortaGram.app */,
			);
			name = Products;
			sourceTree = "<group>";
		};
		81BA81471A49DA1800E65899 /* SortaGram */ = {
			isa = PBXGroup;
			children = (
				81BA814A1A49DA1800E65899 /* AppDelegate.swift */,
				81BA814C1A49DA1800E65899 /* ViewController.swift */,
				A933F48B1BEAF1250007B0A2 /* GalleryViewController.swift */,
				A9C206611BE95C9A0010DD43 /* Models */,
				814C3AC61B69877600E307BB /* Main.storyboard */,
			);
			name = SortaGram;
			path = ParseStarterProject;
			sourceTree = "<group>";
		};
		81BA816A1A49DB5600E65899 /* Frameworks */ = {
			isa = PBXGroup;
			children = (
				81BA816B1A49DB6800E65899 /* Bolts.framework */,
				81BA816C1A49DB6800E65899 /* Parse.framework */,
				81BA816D1A49DB6800E65899 /* ParseCrashReporting.framework */,
				81BA816E1A49DB6800E65899 /* ParseFacebookUtils.framework */,
				81BA81801A49E10C00E65899 /* ParseUI.framework */,
				81BA81751A49E0C500E65899 /* System Frameworks */,
			);
			name = Frameworks;
			sourceTree = "<group>";
		};
		81BA81751A49E0C500E65899 /* System Frameworks */ = {
			isa = PBXGroup;
			children = (
				81BA817E1A49E0F000E65899 /* libstdc++.6.dylib */,
				81BA817A1A49E0E500E65899 /* SystemConfiguration.framework */,
				81BA81781A49E0DB00E65899 /* AudioToolbox.framework */,
				81BA81761A49E0D500E65899 /* libsqlite3.dylib */,
			);
			name = "System Frameworks";
			sourceTree = "<group>";
		};
		A9C206611BE95C9A0010DD43 /* Models */ = {
			isa = PBXGroup;
			children = (
				A9AA81CF1BEFD40000F4ED09 /* ZFRippleButton.swift */,
				A93103EC1BE7DAF10003753D /* Constants.swift */,
				A9C206621BE95CDE0010DD43 /* Post.swift */,
				A9C206641BE9B1AB0010DD43 /* FilterService.swift */,
				A9C206661BEAB42C0010DD43 /* ImageResizer.swift */,
				A99F04FE1BEBE1C700E8E19D /* CustomFlowLayout.swift */,
				A933F48F1BEAF4470007B0A2 /* ImageCollectionViewCell.swift */,
				A99F05041BED2A1D00E8E19D /* FilterCollectionViewCell.swift */,
			);
			name = Models;
			path = ..;
			sourceTree = "<group>";
		};
/* End PBXGroup section */

/* Begin PBXNativeTarget section */
		81BA81441A49DA1800E65899 /* SortaGram */ = {
			isa = PBXNativeTarget;
			buildConfigurationList = 81BA81641A49DA1800E65899 /* Build configuration list for PBXNativeTarget "SortaGram" */;
			buildPhases = (
				81BA81411A49DA1800E65899 /* Sources */,
				81BA81421A49DA1800E65899 /* Frameworks */,
				81BA81431A49DA1800E65899 /* Resources */,
				81CC85E11A49F6D40076DE19 /* Upload Symbol Files */,
			);
			buildRules = (
			);
			dependencies = (
			);
			name = SortaGram;
			productName = ParseStarterProject;
			productReference = 81BA81451A49DA1800E65899 /* SortaGram.app */;
			productType = "com.apple.product-type.application";
		};
/* End PBXNativeTarget section */

/* Begin PBXProject section */
		81BA813D1A49DA1800E65899 /* Project object */ = {
			isa = PBXProject;
			attributes = {
				LastSwiftUpdateCheck = 0700;
				LastUpgradeCheck = 0710;
				ORGANIZATIONNAME = Parse;
				TargetAttributes = {
					81BA81441A49DA1800E65899 = {
						CreatedOnToolsVersion = 6.1.1;
					};
				};
			};
			buildConfigurationList = 81BA81401A49DA1800E65899 /* Build configuration list for PBXProject "SortaGram" */;
			compatibilityVersion = "Xcode 3.2";
			developmentRegion = English;
			hasScannedForEncodings = 0;
			knownRegions = (
				en,
				Base,
			);
			mainGroup = 81BA813C1A49DA1800E65899;
			productRefGroup = 81BA81461A49DA1800E65899 /* Products */;
			projectDirPath = "";
			projectRoot = "";
			targets = (
				81BA81441A49DA1800E65899 /* SortaGram */,
			);
		};
/* End PBXProject section */

/* Begin PBXResourcesBuildPhase section */
		81BA81431A49DA1800E65899 /* Resources */ = {
			isa = PBXResourcesBuildPhase;
			buildActionMask = 2147483647;
			files = (
				A9AA81C61BEEF81F00F4ED09 /* subtleBG.jpg in Resources */,
				A9D104431BEB536F00F8F440 /* spinButton@2x.png in Resources */,
				A96E9BF21BEEF39700FA24F2 /* filterNav2@2x.png in Resources */,
				A9D104471BEB5C8500F8F440 /* navIcon@2x.png in Resources */,
				A9AA81CA1BEEF9FB00F4ED09 /* filterNav4@2x.png in Resources */,
				A9D104421BEB536F00F8F440 /* spinButton.png in Resources */,
				A9D104461BEB5C8500F8F440 /* navIcon.png in Resources */,
				814C3ACA1B69877600E307BB /* Main.storyboard in Resources */,
				A9D1043F1BEB52D200F8F440 /* chooseImageButton@2x.png in Resources */,
				A9AA81C91BEEF9FB00F4ED09 /* filterNav4.png in Resources */,
				A99F04F81BEB605900E8E19D /* navIcon2@2x.png in Resources */,
				A96E9BEE1BEE80D200FA24F2 /* filterNav.png in Resources */,
				A96E9BEF1BEE80D200FA24F2 /* filterNav@2x.png in Resources */,
				A9AA81D71BEFDDDD00F4ED09 /* collectionNav3.png in Resources */,
				A9AA81D81BEFDDDD00F4ED09 /* collectionNav3@2x.png in Resources */,
				A99F04F91BEB605900E8E19D /* navIcon2.png in Resources */,
				A99F04FD1BEB66A900E8E19D /* navIcon3.png in Resources */,
				A99F04FC1BEB66A900E8E19D /* navIcon3@2x.png in Resources */,
				A99F05021BEC218B00E8E19D /* filterNav@2x.png in Resources */,
				A99F05031BEC218B00E8E19D /* filterNav.png in Resources */,
				814C3ACB1B69877600E307BB /* Images.xcassets in Resources */,
				A96E9BF31BEEF39700FA24F2 /* filterNav2.png in Resources */,
				A9D1043E1BEB52D200F8F440 /* chooseImageButton.png in Resources */,
			);
			runOnlyForDeploymentPostprocessing = 0;
		};
/* End PBXResourcesBuildPhase section */

/* Begin PBXShellScriptBuildPhase section */
		81CC85E11A49F6D40076DE19 /* Upload Symbol Files */ = {
			isa = PBXShellScriptBuildPhase;
			buildActionMask = 2147483647;
			files = (
			);
			inputPaths = (
			);
			name = "Upload Symbol Files";
			outputPaths = (
			);
			runOnlyForDeploymentPostprocessing = 0;
			shellPath = /bin/sh;
			shellScript = "# This script will upload symbol files for your application,\n# so all your crash reports are going to be symbolicated\n\n# Important!\n# Before using the script, please initialize CloudCode folder and replace <path_to_cloudcode_folder> with the path to it\n#\n# Read more on Parse.com - https://parse.com/apps/quickstart#analytics/crashreporting/ios/\n############################################################\n\n\n# export PATH=/usr/local/bin:$PATH\n# cd <path_to_cloudcode_folder>\n\n# parse symbols -p \"${DWARF_DSYM_FOLDER_PATH}/${DWARF_DSYM_FILE_NAME}\"\n";
		};
/* End PBXShellScriptBuildPhase section */

/* Begin PBXSourcesBuildPhase section */
		81BA81411A49DA1800E65899 /* Sources */ = {
			isa = PBXSourcesBuildPhase;
			buildActionMask = 2147483647;
			files = (
				A99F05051BED2A1D00E8E19D /* FilterCollectionViewCell.swift in Sources */,
				81BA814D1A49DA1800E65899 /* ViewController.swift in Sources */,
				A933F48C1BEAF1250007B0A2 /* GalleryViewController.swift in Sources */,
				A933F4901BEAF4470007B0A2 /* ImageCollectionViewCell.swift in Sources */,
				A9C206651BE9B1AB0010DD43 /* FilterService.swift in Sources */,
				81BA814B1A49DA1800E65899 /* AppDelegate.swift in Sources */,
				A93103ED1BE7DAF10003753D /* Constants.swift in Sources */,
				A9AA81D01BEFD40000F4ED09 /* ZFRippleButton.swift in Sources */,
				A9C206671BEAB42C0010DD43 /* ImageResizer.swift in Sources */,
				A99F04FF1BEBE1C700E8E19D /* CustomFlowLayout.swift in Sources */,
				A9C206631BE95CDE0010DD43 /* Post.swift in Sources */,
			);
			runOnlyForDeploymentPostprocessing = 0;
		};
/* End PBXSourcesBuildPhase section */

/* Begin PBXVariantGroup section */
		814C3AC61B69877600E307BB /* Main.storyboard */ = {
			isa = PBXVariantGroup;
			children = (
				814C3AC71B69877600E307BB /* Base */,
			);
			name = Main.storyboard;
			path = ../Resources;
			sourceTree = "<group>";
		};
/* End PBXVariantGroup section */

/* Begin XCBuildConfiguration section */
		81BA81621A49DA1800E65899 /* Debug */ = {
			isa = XCBuildConfiguration;
			buildSettings = {
				ALWAYS_SEARCH_USER_PATHS = NO;
				CLANG_CXX_LANGUAGE_STANDARD = "gnu++0x";
				CLANG_CXX_LIBRARY = "libc++";
				CLANG_ENABLE_MODULES = YES;
				CLANG_ENABLE_OBJC_ARC = YES;
				CLANG_WARN_BOOL_CONVERSION = YES;
				CLANG_WARN_CONSTANT_CONVERSION = YES;
				CLANG_WARN_DIRECT_OBJC_ISA_USAGE = YES_ERROR;
				CLANG_WARN_EMPTY_BODY = YES;
				CLANG_WARN_ENUM_CONVERSION = YES;
				CLANG_WARN_INT_CONVERSION = YES;
				CLANG_WARN_OBJC_ROOT_CLASS = YES_ERROR;
				CLANG_WARN_UNREACHABLE_CODE = YES;
				CLANG_WARN__DUPLICATE_METHOD_MATCH = YES;
				"CODE_SIGN_IDENTITY[sdk=iphoneos*]" = "iPhone Developer";
				COPY_PHASE_STRIP = NO;
				ENABLE_STRICT_OBJC_MSGSEND = YES;
				GCC_C_LANGUAGE_STANDARD = gnu99;
				GCC_DYNAMIC_NO_PIC = NO;
				GCC_OPTIMIZATION_LEVEL = 0;
				GCC_PREPROCESSOR_DEFINITIONS = (
					"DEBUG=1",
					"$(inherited)",
				);
				GCC_SYMBOLS_PRIVATE_EXTERN = NO;
				GCC_WARN_64_TO_32_BIT_CONVERSION = YES;
				GCC_WARN_ABOUT_RETURN_TYPE = YES_ERROR;
				GCC_WARN_UNDECLARED_SELECTOR = YES;
				GCC_WARN_UNINITIALIZED_AUTOS = YES_AGGRESSIVE;
				GCC_WARN_UNUSED_FUNCTION = YES;
				GCC_WARN_UNUSED_VARIABLE = YES;
				IPHONEOS_DEPLOYMENT_TARGET = 7.0;
				MTL_ENABLE_DEBUG_INFO = YES;
				ONLY_ACTIVE_ARCH = YES;
				SDKROOT = iphoneos;
				SWIFT_OPTIMIZATION_LEVEL = "-Onone";
				TARGETED_DEVICE_FAMILY = "1,2";
			};
			name = Debug;
		};
		81BA81631A49DA1800E65899 /* Release */ = {
			isa = XCBuildConfiguration;
			buildSettings = {
				ALWAYS_SEARCH_USER_PATHS = NO;
				CLANG_CXX_LANGUAGE_STANDARD = "gnu++0x";
				CLANG_CXX_LIBRARY = "libc++";
				CLANG_ENABLE_MODULES = YES;
				CLANG_ENABLE_OBJC_ARC = YES;
				CLANG_WARN_BOOL_CONVERSION = YES;
				CLANG_WARN_CONSTANT_CONVERSION = YES;
				CLANG_WARN_DIRECT_OBJC_ISA_USAGE = YES_ERROR;
				CLANG_WARN_EMPTY_BODY = YES;
				CLANG_WARN_ENUM_CONVERSION = YES;
				CLANG_WARN_INT_CONVERSION = YES;
				CLANG_WARN_OBJC_ROOT_CLASS = YES_ERROR;
				CLANG_WARN_UNREACHABLE_CODE = YES;
				CLANG_WARN__DUPLICATE_METHOD_MATCH = YES;
				"CODE_SIGN_IDENTITY[sdk=iphoneos*]" = "iPhone Developer";
				COPY_PHASE_STRIP = YES;
				ENABLE_NS_ASSERTIONS = NO;
				ENABLE_STRICT_OBJC_MSGSEND = YES;
				GCC_C_LANGUAGE_STANDARD = gnu99;
				GCC_WARN_64_TO_32_BIT_CONVERSION = YES;
				GCC_WARN_ABOUT_RETURN_TYPE = YES_ERROR;
				GCC_WARN_UNDECLARED_SELECTOR = YES;
				GCC_WARN_UNINITIALIZED_AUTOS = YES_AGGRESSIVE;
				GCC_WARN_UNUSED_FUNCTION = YES;
				GCC_WARN_UNUSED_VARIABLE = YES;
				IPHONEOS_DEPLOYMENT_TARGET = 7.0;
				MTL_ENABLE_DEBUG_INFO = NO;
				SDKROOT = iphoneos;
				TARGETED_DEVICE_FAMILY = "1,2";
				VALIDATE_PRODUCT = YES;
			};
			name = Release;
		};
		81BA81651A49DA1800E65899 /* Debug */ = {
			isa = XCBuildConfiguration;
			buildSettings = {
				ASSETCATALOG_COMPILER_APPICON_NAME = AppIcon;
				ASSETCATALOG_COMPILER_LAUNCHIMAGE_NAME = LaunchImage;
				FRAMEWORK_SEARCH_PATHS = (
					"$(inherited)",
					"$(PROJECT_DIR)",
				);
				INFOPLIST_FILE = Resources/Info.plist;
				IPHONEOS_DEPLOYMENT_TARGET = 8.1;
				LD_RUNPATH_SEARCH_PATHS = "$(inherited) @executable_path/Frameworks";
				PRODUCT_NAME = SortaGram;
			};
			name = Debug;
		};
		81BA81661A49DA1800E65899 /* Release */ = {
			isa = XCBuildConfiguration;
			buildSettings = {
				ASSETCATALOG_COMPILER_APPICON_NAME = AppIcon;
				ASSETCATALOG_COMPILER_LAUNCHIMAGE_NAME = LaunchImage;
				FRAMEWORK_SEARCH_PATHS = (
					"$(inherited)",
					"$(PROJECT_DIR)",
				);
				INFOPLIST_FILE = Resources/Info.plist;
				IPHONEOS_DEPLOYMENT_TARGET = 8.1;
				LD_RUNPATH_SEARCH_PATHS = "$(inherited) @executable_path/Frameworks";
				PRODUCT_NAME = SortaGram;
			};
			name = Release;
		};
/* End XCBuildConfiguration section */

/* Begin XCConfigurationList section */
		81BA81401A49DA1800E65899 /* Build configuration list for PBXProject "SortaGram" */ = {
			isa = XCConfigurationList;
			buildConfigurations = (
				81BA81621A49DA1800E65899 /* Debug */,
				81BA81631A49DA1800E65899 /* Release */,
			);
			defaultConfigurationIsVisible = 0;
			defaultConfigurationName = Release;
		};
		81BA81641A49DA1800E65899 /* Build configuration list for PBXNativeTarget "SortaGram" */ = {
			isa = XCConfigurationList;
			buildConfigurations = (
				81BA81651A49DA1800E65899 /* Debug */,
				81BA81661A49DA1800E65899 /* Release */,
			);
			defaultConfigurationIsVisible = 0;
			defaultConfigurationName = Release;
		};
/* End XCConfigurationList section */
	};
	rootObject = 81BA813D1A49DA1800E65899 /* Project object */;
}
